// !$*UTF8*$!
{
	archiveVersion = 1;
	classes = {
	};
	objectVersion = 46;
	objects = {

/* Begin PBXBuildFile section */
		1700060A18F297B400B1D45C /* RenderBuffer.cpp in Sources */ = {isa = PBXBuildFile; fileRef = 1700060818F297B400B1D45C /* RenderBuffer.cpp */; };
		17005B48192F3A500052C611 /* TextRegionsFilter.cpp in Sources */ = {isa = PBXBuildFile; fileRef = 17005B46192F3A500052C611 /* TextRegionsFilter.cpp */; };
		1700DFC918E03C81004112B6 /* SobelVer2.fs in Sources */ = {isa = PBXBuildFile; fileRef = 1700DFC818E03C81004112B6 /* SobelVer2.fs */; };
		1700DFCB18E063AC004112B6 /* GradientsFromSobel.fs in Sources */ = {isa = PBXBuildFile; fileRef = 1700DFCA18E063AC004112B6 /* GradientsFromSobel.fs */; };
		1700DFCE18E1B2B3004112B6 /* GaussianBlurV.fs in Sources */ = {isa = PBXBuildFile; fileRef = 1700DFCD18E1B2B3004112B6 /* GaussianBlurV.fs */; };
		1700DFD218E1B37F004112B6 /* SWTHelperGPU.cpp in Sources */ = {isa = PBXBuildFile; fileRef = 1700DFD018E1B37F004112B6 /* SWTHelperGPU.cpp */; };
		1700DFD518E1CA23004112B6 /* Sobel1.fs in Sources */ = {isa = PBXBuildFile; fileRef = 1700DFD418E1CA23004112B6 /* Sobel1.fs */; };
		1700DFD718E1CE9F004112B6 /* Sobel2.fs in Sources */ = {isa = PBXBuildFile; fileRef = 1700DFD618E1CE9F004112B6 /* Sobel2.fs */; };
		1710979718BF476200E54738 /* libopencv_calib3d.2.4.8.dylib in Frameworks */ = {isa = PBXBuildFile; fileRef = 1710975F18BF476200E54738 /* libopencv_calib3d.2.4.8.dylib */; };
		1710979B18BF476200E54738 /* libopencv_contrib.2.4.8.dylib in Frameworks */ = {isa = PBXBuildFile; fileRef = 1710976318BF476200E54738 /* libopencv_contrib.2.4.8.dylib */; };
		1710979D18BF476200E54738 /* libopencv_core.2.4.8.dylib in Frameworks */ = {isa = PBXBuildFile; fileRef = 1710976518BF476200E54738 /* libopencv_core.2.4.8.dylib */; };
		1710979F18BF476200E54738 /* libopencv_features2d.2.4.8.dylib in Frameworks */ = {isa = PBXBuildFile; fileRef = 1710976718BF476200E54738 /* libopencv_features2d.2.4.8.dylib */; };
		171097A218BF476200E54738 /* libopencv_flann.2.4.8.dylib in Frameworks */ = {isa = PBXBuildFile; fileRef = 1710976A18BF476200E54738 /* libopencv_flann.2.4.8.dylib */; };
		171097A718BF476200E54738 /* libopencv_gpu.2.4.8.dylib in Frameworks */ = {isa = PBXBuildFile; fileRef = 1710976F18BF476200E54738 /* libopencv_gpu.2.4.8.dylib */; };
		171097A818BF476200E54738 /* libopencv_haartraining_engine.a in Frameworks */ = {isa = PBXBuildFile; fileRef = 1710977018BF476200E54738 /* libopencv_haartraining_engine.a */; };
		171097A918BF476200E54738 /* libopencv_highgui.2.4.8.dylib in Frameworks */ = {isa = PBXBuildFile; fileRef = 1710977118BF476200E54738 /* libopencv_highgui.2.4.8.dylib */; };
		171097AE18BF476200E54738 /* libopencv_imgproc.2.4.8.dylib in Frameworks */ = {isa = PBXBuildFile; fileRef = 1710977618BF476200E54738 /* libopencv_imgproc.2.4.8.dylib */; };
		171097AF18BF476200E54738 /* libopencv_legacy.2.4.8.dylib in Frameworks */ = {isa = PBXBuildFile; fileRef = 1710977718BF476200E54738 /* libopencv_legacy.2.4.8.dylib */; };
		171097B418BF476200E54738 /* libopencv_ml.2.4.8.dylib in Frameworks */ = {isa = PBXBuildFile; fileRef = 1710977C18BF476200E54738 /* libopencv_ml.2.4.8.dylib */; };
		171097B718BF476200E54738 /* libopencv_nonfree.2.4.8.dylib in Frameworks */ = {isa = PBXBuildFile; fileRef = 1710977F18BF476200E54738 /* libopencv_nonfree.2.4.8.dylib */; };
		171097BA18BF476200E54738 /* libopencv_objdetect.2.4.8.dylib in Frameworks */ = {isa = PBXBuildFile; fileRef = 1710978218BF476200E54738 /* libopencv_objdetect.2.4.8.dylib */; };
		171097BF18BF476200E54738 /* libopencv_photo.2.4.8.dylib in Frameworks */ = {isa = PBXBuildFile; fileRef = 1710978718BF476200E54738 /* libopencv_photo.2.4.8.dylib */; };
		171097C118BF476300E54738 /* libopencv_stitching.2.4.8.dylib in Frameworks */ = {isa = PBXBuildFile; fileRef = 1710978918BF476200E54738 /* libopencv_stitching.2.4.8.dylib */; };
		171097C518BF476300E54738 /* libopencv_superres.2.4.8.dylib in Frameworks */ = {isa = PBXBuildFile; fileRef = 1710978D18BF476200E54738 /* libopencv_superres.2.4.8.dylib */; };
		171097C718BF476300E54738 /* libopencv_ts.a in Frameworks */ = {isa = PBXBuildFile; fileRef = 1710978F18BF476200E54738 /* libopencv_ts.a */; };
		171097C918BF476300E54738 /* libopencv_video.2.4.8.dylib in Frameworks */ = {isa = PBXBuildFile; fileRef = 1710979118BF476200E54738 /* libopencv_video.2.4.8.dylib */; };
		171097CC18BF476300E54738 /* libopencv_videostab.2.4.8.dylib in Frameworks */ = {isa = PBXBuildFile; fileRef = 1710979418BF476200E54738 /* libopencv_videostab.2.4.8.dylib */; };
		171097CF18BF48FB00E54738 /* libglfw.3.0.dylib in Frameworks */ = {isa = PBXBuildFile; fileRef = 171097CE18BF48FB00E54738 /* libglfw.3.0.dylib */; };
		171A02FF1899328C00A72B91 /* main.cpp in Sources */ = {isa = PBXBuildFile; fileRef = 171A02FE1899328C00A72B91 /* main.cpp */; };
		171A03011899328C00A72B91 /* OGLTest.1 in CopyFiles */ = {isa = PBXBuildFile; fileRef = 171A03001899328C00A72B91 /* OGLTest.1 */; };
		171A03081899356200A72B91 /* OpenGL.framework in Frameworks */ = {isa = PBXBuildFile; fileRef = 171A03071899356200A72B91 /* OpenGL.framework */; };
		171A0315189BD4B200A72B91 /* Window.cpp in Sources */ = {isa = PBXBuildFile; fileRef = 171A0313189BD4B200A72B91 /* Window.cpp */; };
		171A0319189BD85A00A72B91 /* RenderWindow.cpp in Sources */ = {isa = PBXBuildFile; fileRef = 171A0317189BD85A00A72B91 /* RenderWindow.cpp */; };
		1744D95818C09130004605D1 /* BoundingBox.cpp in Sources */ = {isa = PBXBuildFile; fileRef = 1744D95618C09130004605D1 /* BoundingBox.cpp */; };
		1744D95E18C0B193004605D1 /* Chain.cpp in Sources */ = {isa = PBXBuildFile; fileRef = 1744D95C18C0B193004605D1 /* Chain.cpp */; };
		17658F25189FA444003A8B11 /* glew.c in Sources */ = {isa = PBXBuildFile; fileRef = 17658F24189FA443003A8B11 /* glew.c */; };
		17658F29189FA824003A8B11 /* Normal.fs in Sources */ = {isa = PBXBuildFile; fileRef = 17658F28189FA824003A8B11 /* Normal.fs */; };
		17658F2C189FA980003A8B11 /* Shader.cpp in Sources */ = {isa = PBXBuildFile; fileRef = 17658F2A189FA980003A8B11 /* Shader.cpp */; };
		17658F2F189FB5F4003A8B11 /* Program.cpp in Sources */ = {isa = PBXBuildFile; fileRef = 17658F2D189FB5F4003A8B11 /* Program.cpp */; };
		17658F33189FC7C8003A8B11 /* ContentLoader.cpp in Sources */ = {isa = PBXBuildFile; fileRef = 17658F31189FC7C8003A8B11 /* ContentLoader.cpp */; };
		1776532D18C8A13A004553B6 /* ConnectedComponentsHelper.cpp in Sources */ = {isa = PBXBuildFile; fileRef = 1776532B18C8A13A004553B6 /* ConnectedComponentsHelper.cpp */; };
		17ACBD82190695130052244F /* GLError.cpp in Sources */ = {isa = PBXBuildFile; fileRef = 17ACBD80190695130052244F /* GLError.cpp */; };
		17ACBD851906A2890052244F /* GrayFilter.cpp in Sources */ = {isa = PBXBuildFile; fileRef = 17ACBD831906A2890052244F /* GrayFilter.cpp */; };
		17ACBD881906A2BF0052244F /* Filter.cpp in Sources */ = {isa = PBXBuildFile; fileRef = 17ACBD861906A2BF0052244F /* Filter.cpp */; };
		17EED2DA18A392280094A37D /* DrawableRect.cpp in Sources */ = {isa = PBXBuildFile; fileRef = 17EED2D818A392280094A37D /* DrawableRect.cpp */; };
		17EED2DD18A396E80094A37D /* Texture.cpp in Sources */ = {isa = PBXBuildFile; fileRef = 17EED2DB18A396E80094A37D /* Texture.cpp */; };
		17EED2E018A398350094A37D /* VertexPositionTexture.cpp in Sources */ = {isa = PBXBuildFile; fileRef = 17EED2DE18A398350094A37D /* VertexPositionTexture.cpp */; };
		17EED2EC18A3C6240094A37D /* GraphicsDevice.cpp in Sources */ = {isa = PBXBuildFile; fileRef = 17EED2EA18A3C6240094A37D /* GraphicsDevice.cpp */; };
		17EED57118A505910094A37D /* Uniform.cpp in Sources */ = {isa = PBXBuildFile; fileRef = 17EED56F18A505910094A37D /* Uniform.cpp */; };
		17EED57B18AD16340094A37D /* SWTHelper.cpp in Sources */ = {isa = PBXBuildFile; fileRef = 17EED57918AD16340094A37D /* SWTHelper.cpp */; };
		17EED57E18AD205B0094A37D /* Ray.cpp in Sources */ = {isa = PBXBuildFile; fileRef = 17EED57C18AD205B0094A37D /* Ray.cpp */; };
		17EEEF1818AE6D7000B5A290 /* ImgProc.cpp in Sources */ = {isa = PBXBuildFile; fileRef = 17EEEF1618AE6D7000B5A290 /* ImgProc.cpp */; };
		17F1D1441909484B00C75B9C /* SobelFilter.cpp in Sources */ = {isa = PBXBuildFile; fileRef = 17F1D1421909484B00C75B9C /* SobelFilter.cpp */; };
		17F1D147190950DB00C75B9C /* GaussianFilter.cpp in Sources */ = {isa = PBXBuildFile; fileRef = 17F1D145190950DB00C75B9C /* GaussianFilter.cpp */; };
		17F1D14D1909567000C75B9C /* CannyFilter.cpp in Sources */ = {isa = PBXBuildFile; fileRef = 17F1D14B1909567000C75B9C /* CannyFilter.cpp */; };
		17F1D151190A6EED00C75B9C /* SWTFilter.cpp in Sources */ = {isa = PBXBuildFile; fileRef = 17F1D14F190A6EED00C75B9C /* SWTFilter.cpp */; };
		17F3F9E118BBAE0900C78815 /* Component.cpp in Sources */ = {isa = PBXBuildFile; fileRef = 17F3F9DF18BBAE0900C78815 /* Component.cpp */; };
		17F5944718D87DA100B1C3C7 /* FrameBuffer.cpp in Sources */ = {isa = PBXBuildFile; fileRef = 17F5944518D87DA100B1C3C7 /* FrameBuffer.cpp */; };
		17F5945218DB3CB800B1C3C7 /* Grayscale.fs in Sources */ = {isa = PBXBuildFile; fileRef = 17F5945118DB3CB800B1C3C7 /* Grayscale.fs */; };
		17F5945518DC61E500B1C3C7 /* SobelHor2.fs in Sources */ = {isa = PBXBuildFile; fileRef = 17F5945418DC61E500B1C3C7 /* SobelHor2.fs */; };
		17F5945718DC6CAA00B1C3C7 /* SobelHor.fs in Sources */ = {isa = PBXBuildFile; fileRef = 17F5945618DC6CAA00B1C3C7 /* SobelHor.fs */; };
		17FDE319190E8F8A006652A6 /* ConnectedComponentsFilter.cpp in Sources */ = {isa = PBXBuildFile; fileRef = 17FDE317190E8F8A006652A6 /* ConnectedComponentsFilter.cpp */; };
/* End PBXBuildFile section */

/* Begin PBXCopyFilesBuildPhase section */
		171A02F91899328C00A72B91 /* CopyFiles */ = {
			isa = PBXCopyFilesBuildPhase;
			buildActionMask = 2147483647;
			dstPath = /usr/share/man/man1/;
			dstSubfolderSpec = 0;
			files = (
				171A03011899328C00A72B91 /* OGLTest.1 in CopyFiles */,
			);
			runOnlyForDeploymentPostprocessing = 1;
		};
/* End PBXCopyFilesBuildPhase section */

/* Begin PBXFileReference section */
		170005FF18ED869800B1D45C /* AlphaTest.fs */ = {isa = PBXFileReference; fileEncoding = 4; lastKnownFileType = sourcecode.glsl; path = AlphaTest.fs; sourceTree = "<group>"; };
		1700060418EEEE8800B1D45C /* StrokeWidthTransform2.fs */ = {isa = PBXFileReference; fileEncoding = 4; lastKnownFileType = sourcecode.glsl; path = StrokeWidthTransform2.fs; sourceTree = "<group>"; };
		1700060718EEEF1400B1D45C /* StrokeWidthTransform2.vs */ = {isa = PBXFileReference; fileEncoding = 4; lastKnownFileType = sourcecode.glsl; path = StrokeWidthTransform2.vs; sourceTree = "<group>"; };
		1700060818F297B400B1D45C /* RenderBuffer.cpp */ = {isa = PBXFileReference; fileEncoding = 4; lastKnownFileType = sourcecode.cpp.cpp; path = RenderBuffer.cpp; sourceTree = "<group>"; };
		1700060918F297B400B1D45C /* RenderBuffer.h */ = {isa = PBXFileReference; fileEncoding = 4; lastKnownFileType = sourcecode.c.h; path = RenderBuffer.h; sourceTree = "<group>"; };
		1700060B18F4399B00B1D45C /* StrokeWidthTransform3.fs */ = {isa = PBXFileReference; fileEncoding = 4; lastKnownFileType = sourcecode.glsl; path = StrokeWidthTransform3.fs; sourceTree = "<group>"; };
		1700060C18F6884100B1D45C /* ScaleColor.fs */ = {isa = PBXFileReference; fileEncoding = 4; lastKnownFileType = sourcecode.glsl; path = ScaleColor.fs; sourceTree = "<group>"; };
		1700061218F8062700B1D45C /* Codec.fsh */ = {isa = PBXFileReference; fileEncoding = 4; lastKnownFileType = sourcecode.glsl; path = Codec.fsh; sourceTree = "<group>"; };
		1700061318F8069B00B1D45C /* Encode.fs */ = {isa = PBXFileReference; fileEncoding = 4; lastKnownFileType = sourcecode.glsl; path = Encode.fs; sourceTree = "<group>"; };
		1700061418F810A000B1D45C /* VerticalRuns.fs */ = {isa = PBXFileReference; fileEncoding = 4; lastKnownFileType = sourcecode.glsl; path = VerticalRuns.fs; sourceTree = "<group>"; };
		17005B44192E1D7F0052C611 /* ComputeBoundingBoxes.vs */ = {isa = PBXFileReference; fileEncoding = 4; lastKnownFileType = sourcecode.glsl; path = ComputeBoundingBoxes.vs; sourceTree = "<group>"; };
		17005B45192E20980052C611 /* ComputeBoundingBoxes.fs */ = {isa = PBXFileReference; fileEncoding = 4; lastKnownFileType = sourcecode.glsl; path = ComputeBoundingBoxes.fs; sourceTree = "<group>"; };
		17005B46192F3A500052C611 /* TextRegionsFilter.cpp */ = {isa = PBXFileReference; fileEncoding = 4; lastKnownFileType = sourcecode.cpp.cpp; path = TextRegionsFilter.cpp; sourceTree = "<group>"; };
		17005B47192F3A500052C611 /* TextRegionsFilter.h */ = {isa = PBXFileReference; fileEncoding = 4; lastKnownFileType = sourcecode.c.h; path = TextRegionsFilter.h; sourceTree = "<group>"; };
		1700DFC718E03B8D004112B6 /* SobelVer1.fs */ = {isa = PBXFileReference; explicitFileType = sourcecode.glsl; fileEncoding = 4; path = SobelVer1.fs; sourceTree = "<group>"; xcLanguageSpecificationIdentifier = xcode.lang.glsl; };
		1700DFC818E03C81004112B6 /* SobelVer2.fs */ = {isa = PBXFileReference; explicitFileType = sourcecode.glsl; fileEncoding = 4; path = SobelVer2.fs; sourceTree = "<group>"; };
		1700DFCA18E063AC004112B6 /* GradientsFromSobel.fs */ = {isa = PBXFileReference; explicitFileType = sourcecode.glsl; fileEncoding = 4; path = GradientsFromSobel.fs; sourceTree = "<group>"; };
		1700DFCC18E1AB31004112B6 /* GaussianBlurH.fs */ = {isa = PBXFileReference; explicitFileType = sourcecode.glsl; fileEncoding = 4; path = GaussianBlurH.fs; sourceTree = "<group>"; xcLanguageSpecificationIdentifier = xcode.lang.glsl; };
		1700DFCD18E1B2B3004112B6 /* GaussianBlurV.fs */ = {isa = PBXFileReference; fileEncoding = 4; lastKnownFileType = sourcecode.glsl; path = GaussianBlurV.fs; sourceTree = "<group>"; };
		1700DFD018E1B37F004112B6 /* SWTHelperGPU.cpp */ = {isa = PBXFileReference; fileEncoding = 4; lastKnownFileType = sourcecode.cpp.cpp; path = SWTHelperGPU.cpp; sourceTree = "<group>"; };
		1700DFD118E1B37F004112B6 /* SWTHelperGPU.h */ = {isa = PBXFileReference; fileEncoding = 4; lastKnownFileType = sourcecode.c.h; path = SWTHelperGPU.h; sourceTree = "<group>"; };
		1700DFD418E1CA23004112B6 /* Sobel1.fs */ = {isa = PBXFileReference; fileEncoding = 4; lastKnownFileType = sourcecode.glsl; path = Sobel1.fs; sourceTree = "<group>"; };
		1700DFD618E1CE9F004112B6 /* Sobel2.fs */ = {isa = PBXFileReference; fileEncoding = 4; lastKnownFileType = sourcecode.glsl; path = Sobel2.fs; sourceTree = "<group>"; };
		1710975E18BF476200E54738 /* libopencv_calib3d.2.4.8.dylib */ = {isa = PBXFileReference; lastKnownFileType = "compiled.mach-o.dylib"; name = libopencv_calib3d.2.4.8.dylib; path = OGLTest/thirdparty/opencv/lib/libopencv_calib3d.2.4.8.dylib; sourceTree = "<group>"; };
		1710975F18BF476200E54738 /* libopencv_calib3d.2.4.8.dylib */ = {isa = PBXFileReference; lastKnownFileType = "compiled.mach-o.dylib"; name = libopencv_calib3d.2.4.8.dylib; path = OGLTest/thirdparty/opencv/lib/libopencv_calib3d.2.4.8.dylib; sourceTree = "<group>"; };
		1710976018BF476200E54738 /* libopencv_calib3d.2.4.8.dylib */ = {isa = PBXFileReference; lastKnownFileType = "compiled.mach-o.dylib"; name = libopencv_calib3d.2.4.8.dylib; path = OGLTest/thirdparty/opencv/lib/libopencv_calib3d.2.4.8.dylib; sourceTree = "<group>"; };
		1710976118BF476200E54738 /* libopencv_contrib.2.4.8.dylib */ = {isa = PBXFileReference; lastKnownFileType = "compiled.mach-o.dylib"; name = libopencv_contrib.2.4.8.dylib; path = OGLTest/thirdparty/opencv/lib/libopencv_contrib.2.4.8.dylib; sourceTree = "<group>"; };
		1710976218BF476200E54738 /* libopencv_contrib.2.4.8.dylib */ = {isa = PBXFileReference; lastKnownFileType = "compiled.mach-o.dylib"; name = libopencv_contrib.2.4.8.dylib; path = OGLTest/thirdparty/opencv/lib/libopencv_contrib.2.4.8.dylib; sourceTree = "<group>"; };
		1710976318BF476200E54738 /* libopencv_contrib.2.4.8.dylib */ = {isa = PBXFileReference; lastKnownFileType = "compiled.mach-o.dylib"; name = libopencv_contrib.2.4.8.dylib; path = OGLTest/thirdparty/opencv/lib/libopencv_contrib.2.4.8.dylib; sourceTree = "<group>"; };
		1710976418BF476200E54738 /* libopencv_core.2.4.8.dylib */ = {isa = PBXFileReference; lastKnownFileType = "compiled.mach-o.dylib"; name = libopencv_core.2.4.8.dylib; path = OGLTest/thirdparty/opencv/lib/libopencv_core.2.4.8.dylib; sourceTree = "<group>"; };
		1710976518BF476200E54738 /* libopencv_core.2.4.8.dylib */ = {isa = PBXFileReference; lastKnownFileType = "compiled.mach-o.dylib"; name = libopencv_core.2.4.8.dylib; path = OGLTest/thirdparty/opencv/lib/libopencv_core.2.4.8.dylib; sourceTree = "<group>"; };
		1710976618BF476200E54738 /* libopencv_core.2.4.8.dylib */ = {isa = PBXFileReference; lastKnownFileType = "compiled.mach-o.dylib"; name = libopencv_core.2.4.8.dylib; path = OGLTest/thirdparty/opencv/lib/libopencv_core.2.4.8.dylib; sourceTree = "<group>"; };
		1710976718BF476200E54738 /* libopencv_features2d.2.4.8.dylib */ = {isa = PBXFileReference; lastKnownFileType = "compiled.mach-o.dylib"; name = libopencv_features2d.2.4.8.dylib; path = OGLTest/thirdparty/opencv/lib/libopencv_features2d.2.4.8.dylib; sourceTree = "<group>"; };
		1710976818BF476200E54738 /* libopencv_features2d.2.4.8.dylib */ = {isa = PBXFileReference; lastKnownFileType = "compiled.mach-o.dylib"; name = libopencv_features2d.2.4.8.dylib; path = OGLTest/thirdparty/opencv/lib/libopencv_features2d.2.4.8.dylib; sourceTree = "<group>"; };
		1710976918BF476200E54738 /* libopencv_features2d.2.4.8.dylib */ = {isa = PBXFileReference; lastKnownFileType = "compiled.mach-o.dylib"; name = libopencv_features2d.2.4.8.dylib; path = OGLTest/thirdparty/opencv/lib/libopencv_features2d.2.4.8.dylib; sourceTree = "<group>"; };
		1710976A18BF476200E54738 /* libopencv_flann.2.4.8.dylib */ = {isa = PBXFileReference; lastKnownFileType = "compiled.mach-o.dylib"; name = libopencv_flann.2.4.8.dylib; path = OGLTest/thirdparty/opencv/lib/libopencv_flann.2.4.8.dylib; sourceTree = "<group>"; };
		1710976B18BF476200E54738 /* libopencv_flann.2.4.8.dylib */ = {isa = PBXFileReference; lastKnownFileType = "compiled.mach-o.dylib"; name = libopencv_flann.2.4.8.dylib; path = OGLTest/thirdparty/opencv/lib/libopencv_flann.2.4.8.dylib; sourceTree = "<group>"; };
		1710976C18BF476200E54738 /* libopencv_flann.2.4.8.dylib */ = {isa = PBXFileReference; lastKnownFileType = "compiled.mach-o.dylib"; name = libopencv_flann.2.4.8.dylib; path = OGLTest/thirdparty/opencv/lib/libopencv_flann.2.4.8.dylib; sourceTree = "<group>"; };
		1710976D18BF476200E54738 /* libopencv_gpu.2.4.8.dylib */ = {isa = PBXFileReference; lastKnownFileType = "compiled.mach-o.dylib"; name = libopencv_gpu.2.4.8.dylib; path = OGLTest/thirdparty/opencv/lib/libopencv_gpu.2.4.8.dylib; sourceTree = "<group>"; };
		1710976E18BF476200E54738 /* libopencv_gpu.2.4.8.dylib */ = {isa = PBXFileReference; lastKnownFileType = "compiled.mach-o.dylib"; name = libopencv_gpu.2.4.8.dylib; path = OGLTest/thirdparty/opencv/lib/libopencv_gpu.2.4.8.dylib; sourceTree = "<group>"; };
		1710976F18BF476200E54738 /* libopencv_gpu.2.4.8.dylib */ = {isa = PBXFileReference; lastKnownFileType = "compiled.mach-o.dylib"; name = libopencv_gpu.2.4.8.dylib; path = OGLTest/thirdparty/opencv/lib/libopencv_gpu.2.4.8.dylib; sourceTree = "<group>"; };
		1710977018BF476200E54738 /* libopencv_haartraining_engine.a */ = {isa = PBXFileReference; lastKnownFileType = archive.ar; name = libopencv_haartraining_engine.a; path = OGLTest/thirdparty/opencv/lib/libopencv_haartraining_engine.a; sourceTree = "<group>"; };
		1710977118BF476200E54738 /* libopencv_highgui.2.4.8.dylib */ = {isa = PBXFileReference; lastKnownFileType = "compiled.mach-o.dylib"; name = libopencv_highgui.2.4.8.dylib; path = OGLTest/thirdparty/opencv/lib/libopencv_highgui.2.4.8.dylib; sourceTree = "<group>"; };
		1710977218BF476200E54738 /* libopencv_highgui.2.4.8.dylib */ = {isa = PBXFileReference; lastKnownFileType = "compiled.mach-o.dylib"; name = libopencv_highgui.2.4.8.dylib; path = OGLTest/thirdparty/opencv/lib/libopencv_highgui.2.4.8.dylib; sourceTree = "<group>"; };
		1710977318BF476200E54738 /* libopencv_highgui.2.4.8.dylib */ = {isa = PBXFileReference; lastKnownFileType = "compiled.mach-o.dylib"; name = libopencv_highgui.2.4.8.dylib; path = OGLTest/thirdparty/opencv/lib/libopencv_highgui.2.4.8.dylib; sourceTree = "<group>"; };
		1710977418BF476200E54738 /* libopencv_imgproc.2.4.8.dylib */ = {isa = PBXFileReference; lastKnownFileType = "compiled.mach-o.dylib"; name = libopencv_imgproc.2.4.8.dylib; path = OGLTest/thirdparty/opencv/lib/libopencv_imgproc.2.4.8.dylib; sourceTree = "<group>"; };
		1710977518BF476200E54738 /* libopencv_imgproc.2.4.8.dylib */ = {isa = PBXFileReference; lastKnownFileType = "compiled.mach-o.dylib"; name = libopencv_imgproc.2.4.8.dylib; path = OGLTest/thirdparty/opencv/lib/libopencv_imgproc.2.4.8.dylib; sourceTree = "<group>"; };
		1710977618BF476200E54738 /* libopencv_imgproc.2.4.8.dylib */ = {isa = PBXFileReference; lastKnownFileType = "compiled.mach-o.dylib"; name = libopencv_imgproc.2.4.8.dylib; path = OGLTest/thirdparty/opencv/lib/libopencv_imgproc.2.4.8.dylib; sourceTree = "<group>"; };
		1710977718BF476200E54738 /* libopencv_legacy.2.4.8.dylib */ = {isa = PBXFileReference; lastKnownFileType = "compiled.mach-o.dylib"; name = libopencv_legacy.2.4.8.dylib; path = OGLTest/thirdparty/opencv/lib/libopencv_legacy.2.4.8.dylib; sourceTree = "<group>"; };
		1710977818BF476200E54738 /* libopencv_legacy.2.4.8.dylib */ = {isa = PBXFileReference; lastKnownFileType = "compiled.mach-o.dylib"; name = libopencv_legacy.2.4.8.dylib; path = OGLTest/thirdparty/opencv/lib/libopencv_legacy.2.4.8.dylib; sourceTree = "<group>"; };
		1710977918BF476200E54738 /* libopencv_legacy.2.4.8.dylib */ = {isa = PBXFileReference; lastKnownFileType = "compiled.mach-o.dylib"; name = libopencv_legacy.2.4.8.dylib; path = OGLTest/thirdparty/opencv/lib/libopencv_legacy.2.4.8.dylib; sourceTree = "<group>"; };
		1710977A18BF476200E54738 /* libopencv_ml.2.4.8.dylib */ = {isa = PBXFileReference; lastKnownFileType = "compiled.mach-o.dylib"; name = libopencv_ml.2.4.8.dylib; path = OGLTest/thirdparty/opencv/lib/libopencv_ml.2.4.8.dylib; sourceTree = "<group>"; };
		1710977B18BF476200E54738 /* libopencv_ml.2.4.8.dylib */ = {isa = PBXFileReference; lastKnownFileType = "compiled.mach-o.dylib"; name = libopencv_ml.2.4.8.dylib; path = OGLTest/thirdparty/opencv/lib/libopencv_ml.2.4.8.dylib; sourceTree = "<group>"; };
		1710977C18BF476200E54738 /* libopencv_ml.2.4.8.dylib */ = {isa = PBXFileReference; lastKnownFileType = "compiled.mach-o.dylib"; name = libopencv_ml.2.4.8.dylib; path = OGLTest/thirdparty/opencv/lib/libopencv_ml.2.4.8.dylib; sourceTree = "<group>"; };
		1710977D18BF476200E54738 /* libopencv_nonfree.2.4.8.dylib */ = {isa = PBXFileReference; lastKnownFileType = "compiled.mach-o.dylib"; name = libopencv_nonfree.2.4.8.dylib; path = OGLTest/thirdparty/opencv/lib/libopencv_nonfree.2.4.8.dylib; sourceTree = "<group>"; };
		1710977E18BF476200E54738 /* libopencv_nonfree.2.4.8.dylib */ = {isa = PBXFileReference; lastKnownFileType = "compiled.mach-o.dylib"; name = libopencv_nonfree.2.4.8.dylib; path = OGLTest/thirdparty/opencv/lib/libopencv_nonfree.2.4.8.dylib; sourceTree = "<group>"; };
		1710977F18BF476200E54738 /* libopencv_nonfree.2.4.8.dylib */ = {isa = PBXFileReference; lastKnownFileType = "compiled.mach-o.dylib"; name = libopencv_nonfree.2.4.8.dylib; path = OGLTest/thirdparty/opencv/lib/libopencv_nonfree.2.4.8.dylib; sourceTree = "<group>"; };
		1710978018BF476200E54738 /* libopencv_objdetect.2.4.8.dylib */ = {isa = PBXFileReference; lastKnownFileType = "compiled.mach-o.dylib"; name = libopencv_objdetect.2.4.8.dylib; path = OGLTest/thirdparty/opencv/lib/libopencv_objdetect.2.4.8.dylib; sourceTree = "<group>"; };
		1710978118BF476200E54738 /* libopencv_objdetect.2.4.8.dylib */ = {isa = PBXFileReference; lastKnownFileType = "compiled.mach-o.dylib"; name = libopencv_objdetect.2.4.8.dylib; path = OGLTest/thirdparty/opencv/lib/libopencv_objdetect.2.4.8.dylib; sourceTree = "<group>"; };
		1710978218BF476200E54738 /* libopencv_objdetect.2.4.8.dylib */ = {isa = PBXFileReference; lastKnownFileType = "compiled.mach-o.dylib"; name = libopencv_objdetect.2.4.8.dylib; path = OGLTest/thirdparty/opencv/lib/libopencv_objdetect.2.4.8.dylib; sourceTree = "<group>"; };
		1710978618BF476200E54738 /* libopencv_photo.2.4.8.dylib */ = {isa = PBXFileReference; lastKnownFileType = "compiled.mach-o.dylib"; name = libopencv_photo.2.4.8.dylib; path = OGLTest/thirdparty/opencv/lib/libopencv_photo.2.4.8.dylib; sourceTree = "<group>"; };
		1710978718BF476200E54738 /* libopencv_photo.2.4.8.dylib */ = {isa = PBXFileReference; lastKnownFileType = "compiled.mach-o.dylib"; name = libopencv_photo.2.4.8.dylib; path = OGLTest/thirdparty/opencv/lib/libopencv_photo.2.4.8.dylib; sourceTree = "<group>"; };
		1710978818BF476200E54738 /* libopencv_photo.2.4.8.dylib */ = {isa = PBXFileReference; lastKnownFileType = "compiled.mach-o.dylib"; name = libopencv_photo.2.4.8.dylib; path = OGLTest/thirdparty/opencv/lib/libopencv_photo.2.4.8.dylib; sourceTree = "<group>"; };
		1710978918BF476200E54738 /* libopencv_stitching.2.4.8.dylib */ = {isa = PBXFileReference; lastKnownFileType = "compiled.mach-o.dylib"; name = libopencv_stitching.2.4.8.dylib; path = OGLTest/thirdparty/opencv/lib/libopencv_stitching.2.4.8.dylib; sourceTree = "<group>"; };
		1710978A18BF476200E54738 /* libopencv_stitching.2.4.8.dylib */ = {isa = PBXFileReference; lastKnownFileType = "compiled.mach-o.dylib"; name = libopencv_stitching.2.4.8.dylib; path = OGLTest/thirdparty/opencv/lib/libopencv_stitching.2.4.8.dylib; sourceTree = "<group>"; };
		1710978B18BF476200E54738 /* libopencv_stitching.2.4.8.dylib */ = {isa = PBXFileReference; lastKnownFileType = "compiled.mach-o.dylib"; name = libopencv_stitching.2.4.8.dylib; path = OGLTest/thirdparty/opencv/lib/libopencv_stitching.2.4.8.dylib; sourceTree = "<group>"; };
		1710978C18BF476200E54738 /* libopencv_superres.2.4.8.dylib */ = {isa = PBXFileReference; lastKnownFileType = "compiled.mach-o.dylib"; name = libopencv_superres.2.4.8.dylib; path = OGLTest/thirdparty/opencv/lib/libopencv_superres.2.4.8.dylib; sourceTree = "<group>"; };
		1710978D18BF476200E54738 /* libopencv_superres.2.4.8.dylib */ = {isa = PBXFileReference; lastKnownFileType = "compiled.mach-o.dylib"; name = libopencv_superres.2.4.8.dylib; path = OGLTest/thirdparty/opencv/lib/libopencv_superres.2.4.8.dylib; sourceTree = "<group>"; };
		1710978E18BF476200E54738 /* libopencv_superres.2.4.8.dylib */ = {isa = PBXFileReference; lastKnownFileType = "compiled.mach-o.dylib"; name = libopencv_superres.2.4.8.dylib; path = OGLTest/thirdparty/opencv/lib/libopencv_superres.2.4.8.dylib; sourceTree = "<group>"; };
		1710978F18BF476200E54738 /* libopencv_ts.a */ = {isa = PBXFileReference; lastKnownFileType = archive.ar; name = libopencv_ts.a; path = OGLTest/thirdparty/opencv/lib/libopencv_ts.a; sourceTree = "<group>"; };
		1710979018BF476200E54738 /* libopencv_video.2.4.8.dylib */ = {isa = PBXFileReference; lastKnownFileType = "compiled.mach-o.dylib"; name = libopencv_video.2.4.8.dylib; path = OGLTest/thirdparty/opencv/lib/libopencv_video.2.4.8.dylib; sourceTree = "<group>"; };
		1710979118BF476200E54738 /* libopencv_video.2.4.8.dylib */ = {isa = PBXFileReference; lastKnownFileType = "compiled.mach-o.dylib"; name = libopencv_video.2.4.8.dylib; path = OGLTest/thirdparty/opencv/lib/libopencv_video.2.4.8.dylib; sourceTree = "<group>"; };
		1710979218BF476200E54738 /* libopencv_video.2.4.8.dylib */ = {isa = PBXFileReference; lastKnownFileType = "compiled.mach-o.dylib"; name = libopencv_video.2.4.8.dylib; path = OGLTest/thirdparty/opencv/lib/libopencv_video.2.4.8.dylib; sourceTree = "<group>"; };
		1710979318BF476200E54738 /* libopencv_videostab.2.4.8.dylib */ = {isa = PBXFileReference; lastKnownFileType = "compiled.mach-o.dylib"; name = libopencv_videostab.2.4.8.dylib; path = OGLTest/thirdparty/opencv/lib/libopencv_videostab.2.4.8.dylib; sourceTree = "<group>"; };
		1710979418BF476200E54738 /* libopencv_videostab.2.4.8.dylib */ = {isa = PBXFileReference; lastKnownFileType = "compiled.mach-o.dylib"; name = libopencv_videostab.2.4.8.dylib; path = OGLTest/thirdparty/opencv/lib/libopencv_videostab.2.4.8.dylib; sourceTree = "<group>"; };
		1710979518BF476200E54738 /* libopencv_videostab.2.4.8.dylib */ = {isa = PBXFileReference; lastKnownFileType = "compiled.mach-o.dylib"; name = libopencv_videostab.2.4.8.dylib; path = OGLTest/thirdparty/opencv/lib/libopencv_videostab.2.4.8.dylib; sourceTree = "<group>"; };
		171097CE18BF48FB00E54738 /* libglfw.3.0.dylib */ = {isa = PBXFileReference; lastKnownFileType = "compiled.mach-o.dylib"; name = libglfw.3.0.dylib; path = OGLTest/thirdparty/GLFW/lib/libglfw.3.0.dylib; sourceTree = "<group>"; };
		1713C5A51913D49800909BDB /* UpdateRoots.fs */ = {isa = PBXFileReference; fileEncoding = 4; lastKnownFileType = sourcecode.glsl; path = UpdateRoots.fs; sourceTree = "<group>"; };
		1713C5A61913D4B000909BDB /* UpdateChildren.fs */ = {isa = PBXFileReference; fileEncoding = 4; lastKnownFileType = sourcecode.glsl; path = UpdateChildren.fs; sourceTree = "<group>"; };
		171A02FB1899328C00A72B91 /* OGLTest */ = {isa = PBXFileReference; explicitFileType = "compiled.mach-o.executable"; includeInIndex = 0; path = OGLTest; sourceTree = BUILT_PRODUCTS_DIR; };
		171A02FE1899328C00A72B91 /* main.cpp */ = {isa = PBXFileReference; lastKnownFileType = sourcecode.cpp.cpp; name = main.cpp; path = OGLTest/main.cpp; sourceTree = "<group>"; usesTabs = 0; };
		171A03001899328C00A72B91 /* OGLTest.1 */ = {isa = PBXFileReference; lastKnownFileType = text.man; name = OGLTest.1; path = OGLTest/OGLTest.1; sourceTree = "<group>"; };
		171A03071899356200A72B91 /* OpenGL.framework */ = {isa = PBXFileReference; lastKnownFileType = wrapper.framework; name = OpenGL.framework; path = System/Library/Frameworks/OpenGL.framework; sourceTree = SDKROOT; };
		171A0313189BD4B200A72B91 /* Window.cpp */ = {isa = PBXFileReference; fileEncoding = 4; lastKnownFileType = sourcecode.cpp.cpp; path = Window.cpp; sourceTree = "<group>"; };
		171A0314189BD4B200A72B91 /* Window.h */ = {isa = PBXFileReference; fileEncoding = 4; lastKnownFileType = sourcecode.c.h; path = Window.h; sourceTree = "<group>"; };
		171A0317189BD85A00A72B91 /* RenderWindow.cpp */ = {isa = PBXFileReference; fileEncoding = 4; lastKnownFileType = sourcecode.cpp.cpp; path = RenderWindow.cpp; sourceTree = "<group>"; };
		171A0318189BD85A00A72B91 /* RenderWindow.h */ = {isa = PBXFileReference; fileEncoding = 4; lastKnownFileType = sourcecode.c.h; path = RenderWindow.h; sourceTree = "<group>"; };
		171A031C189BDD2600A72B91 /* types.h */ = {isa = PBXFileReference; lastKnownFileType = sourcecode.c.h; path = types.h; sourceTree = "<group>"; };
		1739564418CDE7DE003BF7D0 /* SWTParameters.h */ = {isa = PBXFileReference; lastKnownFileType = sourcecode.c.h; path = SWTParameters.h; sourceTree = "<group>"; };
		1744D95618C09130004605D1 /* BoundingBox.cpp */ = {isa = PBXFileReference; fileEncoding = 4; lastKnownFileType = sourcecode.cpp.cpp; path = BoundingBox.cpp; sourceTree = "<group>"; };
		1744D95718C09130004605D1 /* BoundingBox.h */ = {isa = PBXFileReference; fileEncoding = 4; lastKnownFileType = sourcecode.c.h; path = BoundingBox.h; sourceTree = "<group>"; };
		1744D95C18C0B193004605D1 /* Chain.cpp */ = {isa = PBXFileReference; fileEncoding = 4; lastKnownFileType = sourcecode.cpp.cpp; path = Chain.cpp; sourceTree = "<group>"; };
		1744D95D18C0B193004605D1 /* Chain.h */ = {isa = PBXFileReference; fileEncoding = 4; lastKnownFileType = sourcecode.c.h; path = Chain.h; sourceTree = "<group>"; };
		17658F24189FA443003A8B11 /* glew.c */ = {isa = PBXFileReference; fileEncoding = 4; lastKnownFileType = sourcecode.c.c; name = glew.c; path = OGLTest/glew.c; sourceTree = "<group>"; };
		17658F27189FA6AC003A8B11 /* Trivial.vs */ = {isa = PBXFileReference; explicitFileType = sourcecode.glsl; fileEncoding = 4; path = Trivial.vs; sourceTree = "<group>"; xcLanguageSpecificationIdentifier = xcode.lang.glsl; };
		17658F28189FA824003A8B11 /* Normal.fs */ = {isa = PBXFileReference; explicitFileType = sourcecode.glsl; fileEncoding = 4; path = Normal.fs; sourceTree = "<group>"; };
		17658F2A189FA980003A8B11 /* Shader.cpp */ = {isa = PBXFileReference; fileEncoding = 4; lastKnownFileType = sourcecode.cpp.cpp; path = Shader.cpp; sourceTree = "<group>"; };
		17658F2B189FA980003A8B11 /* Shader.h */ = {isa = PBXFileReference; fileEncoding = 4; lastKnownFileType = sourcecode.c.h; path = Shader.h; sourceTree = "<group>"; };
		17658F2D189FB5F4003A8B11 /* Program.cpp */ = {isa = PBXFileReference; fileEncoding = 4; lastKnownFileType = sourcecode.cpp.cpp; path = Program.cpp; sourceTree = "<group>"; };
		17658F2E189FB5F4003A8B11 /* Program.h */ = {isa = PBXFileReference; fileEncoding = 4; lastKnownFileType = sourcecode.c.h; path = Program.h; sourceTree = "<group>"; };
		17658F30189FB955003A8B11 /* IOGLResource.h */ = {isa = PBXFileReference; lastKnownFileType = sourcecode.c.h; path = IOGLResource.h; sourceTree = "<group>"; };
		17658F31189FC7C8003A8B11 /* ContentLoader.cpp */ = {isa = PBXFileReference; fileEncoding = 4; lastKnownFileType = sourcecode.cpp.cpp; path = ContentLoader.cpp; sourceTree = "<group>"; };
		17658F32189FC7C8003A8B11 /* ContentLoader.h */ = {isa = PBXFileReference; fileEncoding = 4; lastKnownFileType = sourcecode.c.h; path = ContentLoader.h; sourceTree = "<group>"; };
		17658F35189FC8B2003A8B11 /* VertexShader.h */ = {isa = PBXFileReference; fileEncoding = 4; lastKnownFileType = sourcecode.c.h; path = VertexShader.h; sourceTree = "<group>"; };
		17658F38189FC8BF003A8B11 /* FragmentShader.h */ = {isa = PBXFileReference; fileEncoding = 4; lastKnownFileType = sourcecode.c.h; path = FragmentShader.h; sourceTree = "<group>"; };
		17658F3E18A0EF5F003A8B11 /* VertexBuffer.h */ = {isa = PBXFileReference; fileEncoding = 4; lastKnownFileType = sourcecode.c.h; path = VertexBuffer.h; sourceTree = "<group>"; };
		17658F4118A0F96E003A8B11 /* VertexArray.h */ = {isa = PBXFileReference; fileEncoding = 4; lastKnownFileType = sourcecode.c.h; path = VertexArray.h; sourceTree = "<group>"; };
		177261181924D2E300E58ED5 /* UpdateColumn.vs */ = {isa = PBXFileReference; fileEncoding = 4; lastKnownFileType = sourcecode.glsl; path = UpdateColumn.vs; sourceTree = "<group>"; };
		1776532B18C8A13A004553B6 /* ConnectedComponentsHelper.cpp */ = {isa = PBXFileReference; fileEncoding = 4; lastKnownFileType = sourcecode.cpp.cpp; path = ConnectedComponentsHelper.cpp; sourceTree = "<group>"; };
		1776532C18C8A13A004553B6 /* ConnectedComponentsHelper.h */ = {isa = PBXFileReference; fileEncoding = 4; lastKnownFileType = sourcecode.c.h; path = ConnectedComponentsHelper.h; sourceTree = "<group>"; };
		17ACBD7718FC1DA40052244F /* GatherNeighbor.vs */ = {isa = PBXFileReference; fileEncoding = 4; lastKnownFileType = sourcecode.glsl; path = GatherNeighbor.vs; sourceTree = "<group>"; };
		17ACBD7918FC20E90052244F /* Color.fs */ = {isa = PBXFileReference; fileEncoding = 4; lastKnownFileType = sourcecode.glsl; path = Color.fs; sourceTree = "<group>"; };
		17ACBD7A18FD3A020052244F /* GatherScatter.fs */ = {isa = PBXFileReference; fileEncoding = 4; lastKnownFileType = sourcecode.glsl; path = GatherScatter.fs; sourceTree = "<group>"; };
		17ACBD7B18FFC79F0052244F /* UpdateColumn.fs */ = {isa = PBXFileReference; fileEncoding = 4; lastKnownFileType = sourcecode.glsl; path = UpdateColumn.fs; sourceTree = "<group>"; };
		17ACBD7C18FFF1A70052244F /* ScatterBack.vs */ = {isa = PBXFileReference; fileEncoding = 4; lastKnownFileType = sourcecode.glsl; path = ScatterBack.vs; sourceTree = "<group>"; };
		17ACBD80190695130052244F /* GLError.cpp */ = {isa = PBXFileReference; fileEncoding = 4; lastKnownFileType = sourcecode.cpp.cpp; path = GLError.cpp; sourceTree = "<group>"; };
		17ACBD81190695130052244F /* GLError.h */ = {isa = PBXFileReference; fileEncoding = 4; lastKnownFileType = sourcecode.c.h; path = GLError.h; sourceTree = "<group>"; };
		17ACBD831906A2890052244F /* GrayFilter.cpp */ = {isa = PBXFileReference; fileEncoding = 4; lastKnownFileType = sourcecode.cpp.cpp; path = GrayFilter.cpp; sourceTree = "<group>"; };
		17ACBD841906A2890052244F /* GrayFilter.h */ = {isa = PBXFileReference; fileEncoding = 4; lastKnownFileType = sourcecode.c.h; path = GrayFilter.h; sourceTree = "<group>"; };
		17ACBD861906A2BF0052244F /* Filter.cpp */ = {isa = PBXFileReference; fileEncoding = 4; lastKnownFileType = sourcecode.cpp.cpp; path = Filter.cpp; sourceTree = "<group>"; };
		17ACBD871906A2BF0052244F /* Filter.h */ = {isa = PBXFileReference; fileEncoding = 4; lastKnownFileType = sourcecode.c.h; path = Filter.h; sourceTree = "<group>"; };
		17B473A618E444FD0012148E /* Canny.fs */ = {isa = PBXFileReference; fileEncoding = 4; lastKnownFileType = sourcecode.glsl; path = Canny.fs; sourceTree = "<group>"; };
		17B473A918EABD870012148E /* CannySobel2.fs */ = {isa = PBXFileReference; fileEncoding = 4; lastKnownFileType = sourcecode.glsl; path = CannySobel2.fs; sourceTree = "<group>"; };
		17B473AA18EACA5B0012148E /* NonMaximumSuppression.fs */ = {isa = PBXFileReference; fileEncoding = 4; lastKnownFileType = sourcecode.glsl; path = NonMaximumSuppression.fs; sourceTree = "<group>"; };
		17B473AB18EACDBA0012148E /* NeighbourSum1.fs */ = {isa = PBXFileReference; explicitFileType = sourcecode.glsl; fileEncoding = 4; path = NeighbourSum1.fs; sourceTree = "<group>"; xcLanguageSpecificationIdentifier = xcode.lang.glsl; };
		17B473AC18EAD8610012148E /* NeighbourSum2.fs */ = {isa = PBXFileReference; fileEncoding = 4; lastKnownFileType = sourcecode.glsl; path = NeighbourSum2.fs; sourceTree = "<group>"; };
		17B473AE18EAD9DC0012148E /* StrokeWidthTransform1.fs */ = {isa = PBXFileReference; fileEncoding = 4; lastKnownFileType = sourcecode.glsl; path = StrokeWidthTransform1.fs; sourceTree = "<group>"; };
		17B473AF18EAEE250012148E /* TextureUtil.fsh */ = {isa = PBXFileReference; fileEncoding = 4; lastKnownFileType = sourcecode.glsl; path = TextureUtil.fsh; sourceTree = "<group>"; };
		17EED2D818A392280094A37D /* DrawableRect.cpp */ = {isa = PBXFileReference; fileEncoding = 4; lastKnownFileType = sourcecode.cpp.cpp; path = DrawableRect.cpp; sourceTree = "<group>"; };
		17EED2D918A392280094A37D /* DrawableRect.h */ = {isa = PBXFileReference; fileEncoding = 4; lastKnownFileType = sourcecode.c.h; path = DrawableRect.h; sourceTree = "<group>"; };
		17EED2DB18A396E80094A37D /* Texture.cpp */ = {isa = PBXFileReference; fileEncoding = 4; lastKnownFileType = sourcecode.cpp.cpp; path = Texture.cpp; sourceTree = "<group>"; };
		17EED2DC18A396E80094A37D /* Texture.h */ = {isa = PBXFileReference; fileEncoding = 4; lastKnownFileType = sourcecode.c.h; path = Texture.h; sourceTree = "<group>"; };
		17EED2DE18A398350094A37D /* VertexPositionTexture.cpp */ = {isa = PBXFileReference; fileEncoding = 4; lastKnownFileType = sourcecode.cpp.cpp; path = VertexPositionTexture.cpp; sourceTree = "<group>"; };
		17EED2DF18A398350094A37D /* VertexPositionTexture.h */ = {isa = PBXFileReference; fileEncoding = 4; lastKnownFileType = sourcecode.c.h; path = VertexPositionTexture.h; sourceTree = "<group>"; };
		17EED2E218A39D820094A37D /* IndexBuffer.h */ = {isa = PBXFileReference; fileEncoding = 4; lastKnownFileType = sourcecode.c.h; path = IndexBuffer.h; sourceTree = "<group>"; };
		17EED2E518A3B6480094A37D /* VertexDeclaration.h */ = {isa = PBXFileReference; fileEncoding = 4; lastKnownFileType = sourcecode.c.h; path = VertexDeclaration.h; sourceTree = "<group>"; };
		17EED2E818A3B67A0094A37D /* VertexDeclarationElement.h */ = {isa = PBXFileReference; fileEncoding = 4; lastKnownFileType = sourcecode.c.h; path = VertexDeclarationElement.h; sourceTree = "<group>"; };
		17EED2EA18A3C6240094A37D /* GraphicsDevice.cpp */ = {isa = PBXFileReference; fileEncoding = 4; lastKnownFileType = sourcecode.cpp.cpp; path = GraphicsDevice.cpp; sourceTree = "<group>"; };
		17EED2EB18A3C6240094A37D /* GraphicsDevice.h */ = {isa = PBXFileReference; fileEncoding = 4; lastKnownFileType = sourcecode.c.h; path = GraphicsDevice.h; sourceTree = "<group>"; };
		17EED2EE18A3C8140094A37D /* PrimitiveType.h */ = {isa = PBXFileReference; fileEncoding = 4; lastKnownFileType = sourcecode.c.h; path = PrimitiveType.h; sourceTree = "<group>"; };
		17EED56F18A505910094A37D /* Uniform.cpp */ = {isa = PBXFileReference; fileEncoding = 4; lastKnownFileType = sourcecode.cpp.cpp; path = Uniform.cpp; sourceTree = "<group>"; };
		17EED57018A505910094A37D /* Uniform.h */ = {isa = PBXFileReference; fileEncoding = 4; lastKnownFileType = sourcecode.c.h; path = Uniform.h; sourceTree = "<group>"; };
		17EED57918AD16340094A37D /* SWTHelper.cpp */ = {isa = PBXFileReference; fileEncoding = 4; lastKnownFileType = sourcecode.cpp.cpp; path = SWTHelper.cpp; sourceTree = "<group>"; };
		17EED57A18AD16340094A37D /* SWTHelper.h */ = {isa = PBXFileReference; fileEncoding = 4; lastKnownFileType = sourcecode.c.h; path = SWTHelper.h; sourceTree = "<group>"; };
		17EED57C18AD205B0094A37D /* Ray.cpp */ = {isa = PBXFileReference; fileEncoding = 4; lastKnownFileType = sourcecode.cpp.cpp; path = Ray.cpp; sourceTree = "<group>"; };
		17EED57D18AD205B0094A37D /* Ray.h */ = {isa = PBXFileReference; fileEncoding = 4; lastKnownFileType = sourcecode.c.h; path = Ray.h; sourceTree = "<group>"; };
		17EEEF1618AE6D7000B5A290 /* ImgProc.cpp */ = {isa = PBXFileReference; fileEncoding = 4; lastKnownFileType = sourcecode.cpp.cpp; path = ImgProc.cpp; sourceTree = "<group>"; xcLanguageSpecificationIdentifier = xcode.lang.cpp; };
		17EEEF1718AE6D7000B5A290 /* ImgProc.h */ = {isa = PBXFileReference; fileEncoding = 4; lastKnownFileType = sourcecode.c.h; path = ImgProc.h; sourceTree = "<group>"; };
		17F1D1411909338D00C75B9C /* Profiling.h */ = {isa = PBXFileReference; lastKnownFileType = sourcecode.c.h; path = Profiling.h; sourceTree = "<group>"; };
		17F1D1421909484B00C75B9C /* SobelFilter.cpp */ = {isa = PBXFileReference; fileEncoding = 4; lastKnownFileType = sourcecode.cpp.cpp; path = SobelFilter.cpp; sourceTree = "<group>"; };
		17F1D1431909484B00C75B9C /* SobelFilter.h */ = {isa = PBXFileReference; fileEncoding = 4; lastKnownFileType = sourcecode.c.h; path = SobelFilter.h; sourceTree = "<group>"; };
		17F1D145190950DB00C75B9C /* GaussianFilter.cpp */ = {isa = PBXFileReference; fileEncoding = 4; lastKnownFileType = sourcecode.cpp.cpp; path = GaussianFilter.cpp; sourceTree = "<group>"; };
		17F1D146190950DB00C75B9C /* GaussianFilter.h */ = {isa = PBXFileReference; fileEncoding = 4; lastKnownFileType = sourcecode.c.h; path = GaussianFilter.h; sourceTree = "<group>"; };
		17F1D14B1909567000C75B9C /* CannyFilter.cpp */ = {isa = PBXFileReference; fileEncoding = 4; lastKnownFileType = sourcecode.cpp.cpp; path = CannyFilter.cpp; sourceTree = "<group>"; };
		17F1D14C1909567000C75B9C /* CannyFilter.h */ = {isa = PBXFileReference; fileEncoding = 4; lastKnownFileType = sourcecode.c.h; path = CannyFilter.h; sourceTree = "<group>"; };
		17F1D14F190A6EED00C75B9C /* SWTFilter.cpp */ = {isa = PBXFileReference; fileEncoding = 4; lastKnownFileType = sourcecode.cpp.cpp; path = SWTFilter.cpp; sourceTree = "<group>"; };
		17F1D150190A6EED00C75B9C /* SWTFilter.h */ = {isa = PBXFileReference; fileEncoding = 4; lastKnownFileType = sourcecode.c.h; path = SWTFilter.h; sourceTree = "<group>"; };
		17F3F9DF18BBAE0900C78815 /* Component.cpp */ = {isa = PBXFileReference; fileEncoding = 4; lastKnownFileType = sourcecode.cpp.cpp; path = Component.cpp; sourceTree = "<group>"; };
		17F3F9E018BBAE0900C78815 /* Component.h */ = {isa = PBXFileReference; fileEncoding = 4; lastKnownFileType = sourcecode.c.h; path = Component.h; sourceTree = "<group>"; };
		17F5944518D87DA100B1C3C7 /* FrameBuffer.cpp */ = {isa = PBXFileReference; fileEncoding = 4; lastKnownFileType = sourcecode.cpp.cpp; path = FrameBuffer.cpp; sourceTree = "<group>"; };
		17F5944618D87DA100B1C3C7 /* FrameBuffer.h */ = {isa = PBXFileReference; fileEncoding = 4; lastKnownFileType = sourcecode.c.h; path = FrameBuffer.h; sourceTree = "<group>"; };
		17F5944C18D88F9900B1C3C7 /* OGLBuffer.h */ = {isa = PBXFileReference; fileEncoding = 4; lastKnownFileType = sourcecode.c.h; path = OGLBuffer.h; sourceTree = "<group>"; };
		17F5944F18DB2BF800B1C3C7 /* IOGLBindableResource.h */ = {isa = PBXFileReference; fileEncoding = 4; lastKnownFileType = sourcecode.c.h; path = IOGLBindableResource.h; sourceTree = "<group>"; };
		17F5945118DB3CB800B1C3C7 /* Grayscale.fs */ = {isa = PBXFileReference; explicitFileType = sourcecode.glsl; fileEncoding = 4; path = Grayscale.fs; sourceTree = "<group>"; };
		17F5945318DC5DEB00B1C3C7 /* SobelHor1.fs */ = {isa = PBXFileReference; explicitFileType = sourcecode.glsl; fileEncoding = 4; path = SobelHor1.fs; sourceTree = "<group>"; xcLanguageSpecificationIdentifier = xcode.lang.glsl; };
		17F5945418DC61E500B1C3C7 /* SobelHor2.fs */ = {isa = PBXFileReference; explicitFileType = sourcecode.glsl; fileEncoding = 4; path = SobelHor2.fs; sourceTree = "<group>"; };
		17F5945618DC6CAA00B1C3C7 /* SobelHor.fs */ = {isa = PBXFileReference; explicitFileType = sourcecode.glsl; fileEncoding = 4; path = SobelHor.fs; sourceTree = "<group>"; };
		17FD311718B35A740047B633 /* MathHelper.h */ = {isa = PBXFileReference; fileEncoding = 4; lastKnownFileType = sourcecode.c.h; path = MathHelper.h; sourceTree = "<group>"; };
		17FDE317190E8F8A006652A6 /* ConnectedComponentsFilter.cpp */ = {isa = PBXFileReference; fileEncoding = 4; lastKnownFileType = sourcecode.cpp.cpp; path = ConnectedComponentsFilter.cpp; sourceTree = "<group>"; };
		17FDE318190E8F8A006652A6 /* ConnectedComponentsFilter.h */ = {isa = PBXFileReference; fileEncoding = 4; lastKnownFileType = sourcecode.c.h; path = ConnectedComponentsFilter.h; sourceTree = "<group>"; };
		17FDE31A19124F42006652A6 /* TextureParameters.h */ = {isa = PBXFileReference; lastKnownFileType = sourcecode.c.h; path = TextureParameters.h; sourceTree = "<group>"; };
		17FDE31B19125D10006652A6 /* TextureUtil.h */ = {isa = PBXFileReference; lastKnownFileType = sourcecode.c.h; path = TextureUtil.h; sourceTree = "<group>"; };
/* End PBXFileReference section */

/* Begin PBXFrameworksBuildPhase section */
		171A02F81899328C00A72B91 /* Frameworks */ = {
			isa = PBXFrameworksBuildPhase;
			buildActionMask = 2147483647;
			files = (
				171097AE18BF476200E54738 /* libopencv_imgproc.2.4.8.dylib in Frameworks */,
				1710979B18BF476200E54738 /* libopencv_contrib.2.4.8.dylib in Frameworks */,
				171097C118BF476300E54738 /* libopencv_stitching.2.4.8.dylib in Frameworks */,
				1710979D18BF476200E54738 /* libopencv_core.2.4.8.dylib in Frameworks */,
				171097BF18BF476200E54738 /* libopencv_photo.2.4.8.dylib in Frameworks */,
				171097BA18BF476200E54738 /* libopencv_objdetect.2.4.8.dylib in Frameworks */,
				171097A918BF476200E54738 /* libopencv_highgui.2.4.8.dylib in Frameworks */,
				171097B718BF476200E54738 /* libopencv_nonfree.2.4.8.dylib in Frameworks */,
				171097CF18BF48FB00E54738 /* libglfw.3.0.dylib in Frameworks */,
				171A03081899356200A72B91 /* OpenGL.framework in Frameworks */,
				171097C518BF476300E54738 /* libopencv_superres.2.4.8.dylib in Frameworks */,
				171097C718BF476300E54738 /* libopencv_ts.a in Frameworks */,
				171097CC18BF476300E54738 /* libopencv_videostab.2.4.8.dylib in Frameworks */,
				171097A718BF476200E54738 /* libopencv_gpu.2.4.8.dylib in Frameworks */,
				171097A218BF476200E54738 /* libopencv_flann.2.4.8.dylib in Frameworks */,
				171097AF18BF476200E54738 /* libopencv_legacy.2.4.8.dylib in Frameworks */,
				1710979718BF476200E54738 /* libopencv_calib3d.2.4.8.dylib in Frameworks */,
				171097C918BF476300E54738 /* libopencv_video.2.4.8.dylib in Frameworks */,
				171097B418BF476200E54738 /* libopencv_ml.2.4.8.dylib in Frameworks */,
				171097A818BF476200E54738 /* libopencv_haartraining_engine.a in Frameworks */,
				1710979F18BF476200E54738 /* libopencv_features2d.2.4.8.dylib in Frameworks */,
			);
			runOnlyForDeploymentPostprocessing = 0;
		};
/* End PBXFrameworksBuildPhase section */

/* Begin PBXGroup section */
		1700061118F7E0A300B1D45C /* Connected Components */ = {
			isa = PBXGroup;
			children = (
				1700061218F8062700B1D45C /* Codec.fsh */,
				1700061318F8069B00B1D45C /* Encode.fs */,
				17ACBD7718FC1DA40052244F /* GatherNeighbor.vs */,
				17ACBD7A18FD3A020052244F /* GatherScatter.fs */,
				17ACBD7C18FFF1A70052244F /* ScatterBack.vs */,
				1713C5A61913D4B000909BDB /* UpdateChildren.fs */,
				17ACBD7B18FFC79F0052244F /* UpdateColumn.fs */,
				177261181924D2E300E58ED5 /* UpdateColumn.vs */,
				1713C5A51913D49800909BDB /* UpdateRoots.fs */,
				1700061418F810A000B1D45C /* VerticalRuns.fs */,
				17005B44192E1D7F0052C611 /* ComputeBoundingBoxes.vs */,
				17005B45192E20980052C611 /* ComputeBoundingBoxes.fs */,
			);
			name = "Connected Components";
			sourceTree = "<group>";
		};
		1700DFC618E03B74004112B6 /* Sobel */ = {
			isa = PBXGroup;
			children = (
				1700DFCA18E063AC004112B6 /* GradientsFromSobel.fs */,
				1700DFD418E1CA23004112B6 /* Sobel1.fs */,
				1700DFD618E1CE9F004112B6 /* Sobel2.fs */,
				17F5945618DC6CAA00B1C3C7 /* SobelHor.fs */,
				17F5945318DC5DEB00B1C3C7 /* SobelHor1.fs */,
				17F5945418DC61E500B1C3C7 /* SobelHor2.fs */,
				1700DFC718E03B8D004112B6 /* SobelVer1.fs */,
				1700DFC818E03C81004112B6 /* SobelVer2.fs */,
			);
			name = Sobel;
			sourceTree = "<group>";
		};
		1700DFD318E1C403004112B6 /* Gaussian Blur */ = {
			isa = PBXGroup;
			children = (
				1700DFCC18E1AB31004112B6 /* GaussianBlurH.fs */,
				1700DFCD18E1B2B3004112B6 /* GaussianBlurV.fs */,
			);
			name = "Gaussian Blur";
			sourceTree = "<group>";
		};
		171A02F21899328C00A72B91 = {
			isa = PBXGroup;
			children = (
				17658F26189FA645003A8B11 /* shaders */,
				171A0311189BB34000A72B91 /* libs */,
				171A02FD1899328C00A72B91 /* source */,
				171A02FE1899328C00A72B91 /* main.cpp */,
				17658F24189FA443003A8B11 /* glew.c */,
				171A03001899328C00A72B91 /* OGLTest.1 */,
				171A02FC1899328C00A72B91 /* Products */,
			);
			sourceTree = "<group>";
		};
		171A02FC1899328C00A72B91 /* Products */ = {
			isa = PBXGroup;
			children = (
				171A02FB1899328C00A72B91 /* OGLTest */,
			);
			name = Products;
			sourceTree = "<group>";
		};
		171A02FD1899328C00A72B91 /* source */ = {
			isa = PBXGroup;
			children = (
				171A0316189BD73900A72B91 /* Framework */,
				1776532A18C87659004553B6 /* Graphics */,
				171A031A189BD9F500A72B91 /* OCR Application */,
				17EED57818ACFA680094A37D /* SWT */,
				171A031B189BDD1700A72B91 /* Util */,
			);
			name = source;
			path = OGLTest;
			sourceTree = "<group>";
		};
		171A0311189BB34000A72B91 /* libs */ = {
			isa = PBXGroup;
			children = (
				171097CE18BF48FB00E54738 /* libglfw.3.0.dylib */,
				1710975E18BF476200E54738 /* libopencv_calib3d.2.4.8.dylib */,
				1710975F18BF476200E54738 /* libopencv_calib3d.2.4.8.dylib */,
				1710976018BF476200E54738 /* libopencv_calib3d.2.4.8.dylib */,
				1710976118BF476200E54738 /* libopencv_contrib.2.4.8.dylib */,
				1710976218BF476200E54738 /* libopencv_contrib.2.4.8.dylib */,
				1710976318BF476200E54738 /* libopencv_contrib.2.4.8.dylib */,
				1710976418BF476200E54738 /* libopencv_core.2.4.8.dylib */,
				1710976518BF476200E54738 /* libopencv_core.2.4.8.dylib */,
				1710976618BF476200E54738 /* libopencv_core.2.4.8.dylib */,
				1710976718BF476200E54738 /* libopencv_features2d.2.4.8.dylib */,
				1710976818BF476200E54738 /* libopencv_features2d.2.4.8.dylib */,
				1710976918BF476200E54738 /* libopencv_features2d.2.4.8.dylib */,
				1710976A18BF476200E54738 /* libopencv_flann.2.4.8.dylib */,
				1710976B18BF476200E54738 /* libopencv_flann.2.4.8.dylib */,
				1710976C18BF476200E54738 /* libopencv_flann.2.4.8.dylib */,
				1710976D18BF476200E54738 /* libopencv_gpu.2.4.8.dylib */,
				1710976E18BF476200E54738 /* libopencv_gpu.2.4.8.dylib */,
				1710976F18BF476200E54738 /* libopencv_gpu.2.4.8.dylib */,
				1710977018BF476200E54738 /* libopencv_haartraining_engine.a */,
				1710977118BF476200E54738 /* libopencv_highgui.2.4.8.dylib */,
				1710977218BF476200E54738 /* libopencv_highgui.2.4.8.dylib */,
				1710977318BF476200E54738 /* libopencv_highgui.2.4.8.dylib */,
				1710977418BF476200E54738 /* libopencv_imgproc.2.4.8.dylib */,
				1710977518BF476200E54738 /* libopencv_imgproc.2.4.8.dylib */,
				1710977618BF476200E54738 /* libopencv_imgproc.2.4.8.dylib */,
				1710977718BF476200E54738 /* libopencv_legacy.2.4.8.dylib */,
				1710977818BF476200E54738 /* libopencv_legacy.2.4.8.dylib */,
				1710977918BF476200E54738 /* libopencv_legacy.2.4.8.dylib */,
				1710977A18BF476200E54738 /* libopencv_ml.2.4.8.dylib */,
				1710977B18BF476200E54738 /* libopencv_ml.2.4.8.dylib */,
				1710977C18BF476200E54738 /* libopencv_ml.2.4.8.dylib */,
				1710977D18BF476200E54738 /* libopencv_nonfree.2.4.8.dylib */,
				1710977E18BF476200E54738 /* libopencv_nonfree.2.4.8.dylib */,
				1710977F18BF476200E54738 /* libopencv_nonfree.2.4.8.dylib */,
				1710978018BF476200E54738 /* libopencv_objdetect.2.4.8.dylib */,
				1710978118BF476200E54738 /* libopencv_objdetect.2.4.8.dylib */,
				1710978218BF476200E54738 /* libopencv_objdetect.2.4.8.dylib */,
				1710978618BF476200E54738 /* libopencv_photo.2.4.8.dylib */,
				1710978718BF476200E54738 /* libopencv_photo.2.4.8.dylib */,
				1710978818BF476200E54738 /* libopencv_photo.2.4.8.dylib */,
				1710978918BF476200E54738 /* libopencv_stitching.2.4.8.dylib */,
				1710978A18BF476200E54738 /* libopencv_stitching.2.4.8.dylib */,
				1710978B18BF476200E54738 /* libopencv_stitching.2.4.8.dylib */,
				1710978C18BF476200E54738 /* libopencv_superres.2.4.8.dylib */,
				1710978D18BF476200E54738 /* libopencv_superres.2.4.8.dylib */,
				1710978E18BF476200E54738 /* libopencv_superres.2.4.8.dylib */,
				1710978F18BF476200E54738 /* libopencv_ts.a */,
				1710979018BF476200E54738 /* libopencv_video.2.4.8.dylib */,
				1710979118BF476200E54738 /* libopencv_video.2.4.8.dylib */,
				1710979218BF476200E54738 /* libopencv_video.2.4.8.dylib */,
				1710979318BF476200E54738 /* libopencv_videostab.2.4.8.dylib */,
				1710979418BF476200E54738 /* libopencv_videostab.2.4.8.dylib */,
				1710979518BF476200E54738 /* libopencv_videostab.2.4.8.dylib */,
				171A03071899356200A72B91 /* OpenGL.framework */,
			);
			name = libs;
			sourceTree = "<group>";
		};
		171A0316189BD73900A72B91 /* Framework */ = {
			isa = PBXGroup;
			children = (
				1744D95618C09130004605D1 /* BoundingBox.cpp */,
				1744D95718C09130004605D1 /* BoundingBox.h */,
				17658F31189FC7C8003A8B11 /* ContentLoader.cpp */,
				17658F32189FC7C8003A8B11 /* ContentLoader.h */,
				17EED2D818A392280094A37D /* DrawableRect.cpp */,
				17EED2D918A392280094A37D /* DrawableRect.h */,
				171A0313189BD4B200A72B91 /* Window.cpp */,
				171A0314189BD4B200A72B91 /* Window.h */,
			);
			name = Framework;
			sourceTree = "<group>";
		};
		171A031A189BD9F500A72B91 /* OCR Application */ = {
			isa = PBXGroup;
			children = (
				171A0317189BD85A00A72B91 /* RenderWindow.cpp */,
				171A0318189BD85A00A72B91 /* RenderWindow.h */,
			);
			name = "OCR Application";
			sourceTree = "<group>";
		};
		171A031B189BDD1700A72B91 /* Util */ = {
			isa = PBXGroup;
			children = (
				17EEEF1618AE6D7000B5A290 /* ImgProc.cpp */,
				17EEEF1718AE6D7000B5A290 /* ImgProc.h */,
				17FD311718B35A740047B633 /* MathHelper.h */,
				17F1D1411909338D00C75B9C /* Profiling.h */,
				17FDE31B19125D10006652A6 /* TextureUtil.h */,
				171A031C189BDD2600A72B91 /* types.h */,
			);
			name = Util;
			sourceTree = "<group>";
		};
		17658F26189FA645003A8B11 /* shaders */ = {
			isa = PBXGroup;
			children = (
				170005FF18ED869800B1D45C /* AlphaTest.fs */,
				17B473A718E445020012148E /* Canny */,
				17ACBD7918FC20E90052244F /* Color.fs */,
				1700061118F7E0A300B1D45C /* Connected Components */,
				1700DFD318E1C403004112B6 /* Gaussian Blur */,
				17F5945118DB3CB800B1C3C7 /* Grayscale.fs */,
				17658F28189FA824003A8B11 /* Normal.fs */,
				1700060C18F6884100B1D45C /* ScaleColor.fs */,
				1700DFC618E03B74004112B6 /* Sobel */,
				17B473AD18EAD9C70012148E /* Stroke Width Transform */,
				17B473AF18EAEE250012148E /* TextureUtil.fsh */,
				17658F27189FA6AC003A8B11 /* Trivial.vs */,
			);
			name = shaders;
			sourceTree = "<group>";
		};
		1776532A18C87659004553B6 /* Graphics */ = {
			isa = PBXGroup;
			children = (
				17658F38189FC8BF003A8B11 /* FragmentShader.h */,
				17F5944518D87DA100B1C3C7 /* FrameBuffer.cpp */,
				17F5944618D87DA100B1C3C7 /* FrameBuffer.h */,
				17ACBD80190695130052244F /* GLError.cpp */,
				17ACBD81190695130052244F /* GLError.h */,
				17EED2EA18A3C6240094A37D /* GraphicsDevice.cpp */,
				17EED2EB18A3C6240094A37D /* GraphicsDevice.h */,
				17EED2E218A39D820094A37D /* IndexBuffer.h */,
				17F5944F18DB2BF800B1C3C7 /* IOGLBindableResource.h */,
				17658F30189FB955003A8B11 /* IOGLResource.h */,
				17F5944C18D88F9900B1C3C7 /* OGLBuffer.h */,
				17EED2EE18A3C8140094A37D /* PrimitiveType.h */,
				17658F2D189FB5F4003A8B11 /* Program.cpp */,
				17658F2E189FB5F4003A8B11 /* Program.h */,
				1700060818F297B400B1D45C /* RenderBuffer.cpp */,
				1700060918F297B400B1D45C /* RenderBuffer.h */,
				17658F2A189FA980003A8B11 /* Shader.cpp */,
				17658F2B189FA980003A8B11 /* Shader.h */,
				17EED2DB18A396E80094A37D /* Texture.cpp */,
				17EED2DC18A396E80094A37D /* Texture.h */,
				17FDE31A19124F42006652A6 /* TextureParameters.h */,
				17EED56F18A505910094A37D /* Uniform.cpp */,
				17EED57018A505910094A37D /* Uniform.h */,
				17658F4118A0F96E003A8B11 /* VertexArray.h */,
				17658F3E18A0EF5F003A8B11 /* VertexBuffer.h */,
				17EED2E518A3B6480094A37D /* VertexDeclaration.h */,
				17EED2E818A3B67A0094A37D /* VertexDeclarationElement.h */,
				17EED2DE18A398350094A37D /* VertexPositionTexture.cpp */,
				17EED2DF18A398350094A37D /* VertexPositionTexture.h */,
				17658F35189FC8B2003A8B11 /* VertexShader.h */,
			);
			name = Graphics;
			sourceTree = "<group>";
		};
		17B473A718E445020012148E /* Canny */ = {
			isa = PBXGroup;
			children = (
				17B473A618E444FD0012148E /* Canny.fs */,
				17B473A918EABD870012148E /* CannySobel2.fs */,
				17B473AA18EACA5B0012148E /* NonMaximumSuppression.fs */,
				17B473AB18EACDBA0012148E /* NeighbourSum1.fs */,
				17B473AC18EAD8610012148E /* NeighbourSum2.fs */,
			);
			name = Canny;
			sourceTree = "<group>";
		};
		17B473AD18EAD9C70012148E /* Stroke Width Transform */ = {
			isa = PBXGroup;
			children = (
				17B473AE18EAD9DC0012148E /* StrokeWidthTransform1.fs */,
				1700060418EEEE8800B1D45C /* StrokeWidthTransform2.fs */,
				1700060718EEEF1400B1D45C /* StrokeWidthTransform2.vs */,
				1700060B18F4399B00B1D45C /* StrokeWidthTransform3.fs */,
			);
			name = "Stroke Width Transform";
			sourceTree = "<group>";
		};
		17EED57818ACFA680094A37D /* SWT */ = {
			isa = PBXGroup;
			children = (
				17F1D14E190A6EBE00C75B9C /* Filters */,
				1744D95C18C0B193004605D1 /* Chain.cpp */,
				1744D95D18C0B193004605D1 /* Chain.h */,
				17F3F9DF18BBAE0900C78815 /* Component.cpp */,
				17F3F9E018BBAE0900C78815 /* Component.h */,
				1776532B18C8A13A004553B6 /* ConnectedComponentsHelper.cpp */,
				1776532C18C8A13A004553B6 /* ConnectedComponentsHelper.h */,
				17EED57C18AD205B0094A37D /* Ray.cpp */,
				17EED57D18AD205B0094A37D /* Ray.h */,
				17EED57918AD16340094A37D /* SWTHelper.cpp */,
				17EED57A18AD16340094A37D /* SWTHelper.h */,
				1700DFD018E1B37F004112B6 /* SWTHelperGPU.cpp */,
				1700DFD118E1B37F004112B6 /* SWTHelperGPU.h */,
				1739564418CDE7DE003BF7D0 /* SWTParameters.h */,
			);
			name = SWT;
			sourceTree = "<group>";
		};
		17F1D14E190A6EBE00C75B9C /* Filters */ = {
			isa = PBXGroup;
			children = (
				17F1D14B1909567000C75B9C /* CannyFilter.cpp */,
				17F1D14C1909567000C75B9C /* CannyFilter.h */,
				17FDE317190E8F8A006652A6 /* ConnectedComponentsFilter.cpp */,
				17FDE318190E8F8A006652A6 /* ConnectedComponentsFilter.h */,
				17ACBD861906A2BF0052244F /* Filter.cpp */,
				17ACBD871906A2BF0052244F /* Filter.h */,
				17F1D145190950DB00C75B9C /* GaussianFilter.cpp */,
				17F1D146190950DB00C75B9C /* GaussianFilter.h */,
				17ACBD831906A2890052244F /* GrayFilter.cpp */,
				17ACBD841906A2890052244F /* GrayFilter.h */,
				17F1D1421909484B00C75B9C /* SobelFilter.cpp */,
				17F1D1431909484B00C75B9C /* SobelFilter.h */,
				17F1D14F190A6EED00C75B9C /* SWTFilter.cpp */,
				17F1D150190A6EED00C75B9C /* SWTFilter.h */,
				17005B46192F3A500052C611 /* TextRegionsFilter.cpp */,
				17005B47192F3A500052C611 /* TextRegionsFilter.h */,
			);
			name = Filters;
			sourceTree = "<group>";
		};
/* End PBXGroup section */

/* Begin PBXNativeTarget section */
		171A02FA1899328C00A72B91 /* OGLTest */ = {
			isa = PBXNativeTarget;
			buildConfigurationList = 171A03041899328C00A72B91 /* Build configuration list for PBXNativeTarget "OGLTest" */;
			buildPhases = (
				171A02F71899328C00A72B91 /* Sources */,
				171A02F81899328C00A72B91 /* Frameworks */,
				171A02F91899328C00A72B91 /* CopyFiles */,
			);
			buildRules = (
			);
			dependencies = (
			);
			name = OGLTest;
			productName = OGLTest;
			productReference = 171A02FB1899328C00A72B91 /* OGLTest */;
			productType = "com.apple.product-type.tool";
		};
/* End PBXNativeTarget section */

/* Begin PBXProject section */
		171A02F31899328C00A72B91 /* Project object */ = {
			isa = PBXProject;
			attributes = {
				LastUpgradeCheck = 0510;
				ORGANIZATIONNAME = "Emiel Bon";
			};
			buildConfigurationList = 171A02F61899328C00A72B91 /* Build configuration list for PBXProject "OGLTest" */;
			compatibilityVersion = "Xcode 3.2";
			developmentRegion = English;
			hasScannedForEncodings = 0;
			knownRegions = (
				en,
			);
			mainGroup = 171A02F21899328C00A72B91;
			productRefGroup = 171A02FC1899328C00A72B91 /* Products */;
			projectDirPath = "";
			projectRoot = "";
			targets = (
				171A02FA1899328C00A72B91 /* OGLTest */,
			);
		};
/* End PBXProject section */

/* Begin PBXSourcesBuildPhase section */
		171A02F71899328C00A72B91 /* Sources */ = {
			isa = PBXSourcesBuildPhase;
			buildActionMask = 2147483647;
			files = (
				17EED2EC18A3C6240094A37D /* GraphicsDevice.cpp in Sources */,
				1700DFD718E1CE9F004112B6 /* Sobel2.fs in Sources */,
				17EED2DD18A396E80094A37D /* Texture.cpp in Sources */,
				17ACBD881906A2BF0052244F /* Filter.cpp in Sources */,
				171A0319189BD85A00A72B91 /* RenderWindow.cpp in Sources */,
				1744D95E18C0B193004605D1 /* Chain.cpp in Sources */,
				171A02FF1899328C00A72B91 /* main.cpp in Sources */,
				17F1D1441909484B00C75B9C /* SobelFilter.cpp in Sources */,
				17005B48192F3A500052C611 /* TextRegionsFilter.cpp in Sources */,
				17F1D14D1909567000C75B9C /* CannyFilter.cpp in Sources */,
				17658F2F189FB5F4003A8B11 /* Program.cpp in Sources */,
				1700DFCE18E1B2B3004112B6 /* GaussianBlurV.fs in Sources */,
				17658F25189FA444003A8B11 /* glew.c in Sources */,
				17FDE319190E8F8A006652A6 /* ConnectedComponentsFilter.cpp in Sources */,
				1700DFD518E1CA23004112B6 /* Sobel1.fs in Sources */,
				17F1D147190950DB00C75B9C /* GaussianFilter.cpp in Sources */,
				1700060A18F297B400B1D45C /* RenderBuffer.cpp in Sources */,
				17F3F9E118BBAE0900C78815 /* Component.cpp in Sources */,
				1744D95818C09130004605D1 /* BoundingBox.cpp in Sources */,
				1700DFD218E1B37F004112B6 /* SWTHelperGPU.cpp in Sources */,
				17658F33189FC7C8003A8B11 /* ContentLoader.cpp in Sources */,
				17EED2DA18A392280094A37D /* DrawableRect.cpp in Sources */,
				17F5945518DC61E500B1C3C7 /* SobelHor2.fs in Sources */,
				1776532D18C8A13A004553B6 /* ConnectedComponentsHelper.cpp in Sources */,
				17658F29189FA824003A8B11 /* Normal.fs in Sources */,
				17F5945218DB3CB800B1C3C7 /* Grayscale.fs in Sources */,
				17EED57B18AD16340094A37D /* SWTHelper.cpp in Sources */,
				17F5944718D87DA100B1C3C7 /* FrameBuffer.cpp in Sources */,
				1700DFC918E03C81004112B6 /* SobelVer2.fs in Sources */,
				17658F2C189FA980003A8B11 /* Shader.cpp in Sources */,
				17EED57E18AD205B0094A37D /* Ray.cpp in Sources */,
				17ACBD82190695130052244F /* GLError.cpp in Sources */,
				1700DFCB18E063AC004112B6 /* GradientsFromSobel.fs in Sources */,
				17EED57118A505910094A37D /* Uniform.cpp in Sources */,
				17EEEF1818AE6D7000B5A290 /* ImgProc.cpp in Sources */,
				17F5945718DC6CAA00B1C3C7 /* SobelHor.fs in Sources */,
				17ACBD851906A2890052244F /* GrayFilter.cpp in Sources */,
				17F1D151190A6EED00C75B9C /* SWTFilter.cpp in Sources */,
				17EED2E018A398350094A37D /* VertexPositionTexture.cpp in Sources */,
				171A0315189BD4B200A72B91 /* Window.cpp in Sources */,
			);
			runOnlyForDeploymentPostprocessing = 0;
		};
/* End PBXSourcesBuildPhase section */

/* Begin XCBuildConfiguration section */
		171A03021899328C00A72B91 /* Debug */ = {
			isa = XCBuildConfiguration;
			buildSettings = {
				ALWAYS_SEARCH_USER_PATHS = NO;
				CLANG_CXX_LANGUAGE_STANDARD = "gnu++0x";
				CLANG_CXX_LIBRARY = "libc++";
				CLANG_ENABLE_OBJC_ARC = YES;
				CLANG_WARN_BOOL_CONVERSION = YES;
				CLANG_WARN_CONSTANT_CONVERSION = YES;
				CLANG_WARN_DIRECT_OBJC_ISA_USAGE = YES_ERROR;
				CLANG_WARN_EMPTY_BODY = YES;
				CLANG_WARN_ENUM_CONVERSION = YES;
				CLANG_WARN_INT_CONVERSION = YES;
				CLANG_WARN_OBJC_ROOT_CLASS = YES_ERROR;
				CLANG_WARN__DUPLICATE_METHOD_MATCH = YES;
				COPY_PHASE_STRIP = NO;
				GCC_C_LANGUAGE_STANDARD = gnu99;
				GCC_DYNAMIC_NO_PIC = NO;
				GCC_ENABLE_OBJC_EXCEPTIONS = YES;
				GCC_OPTIMIZATION_LEVEL = 0;
				GCC_PREPROCESSOR_DEFINITIONS = (
					"DEBUG=1",
					"$(inherited)",
				);
				GCC_SYMBOLS_PRIVATE_EXTERN = NO;
				GCC_WARN_64_TO_32_BIT_CONVERSION = YES;
				GCC_WARN_ABOUT_RETURN_TYPE = YES_ERROR;
				GCC_WARN_UNDECLARED_SELECTOR = YES;
				GCC_WARN_UNINITIALIZED_AUTOS = YES;
				GCC_WARN_UNUSED_FUNCTION = YES;
				GCC_WARN_UNUSED_VARIABLE = YES;
				MACOSX_DEPLOYMENT_TARGET = 10.8;
				ONLY_ACTIVE_ARCH = YES;
				SDKROOT = macosx;
			};
			name = Debug;
		};
		171A03031899328C00A72B91 /* Release */ = {
			isa = XCBuildConfiguration;
			buildSettings = {
				ALWAYS_SEARCH_USER_PATHS = NO;
				CLANG_CXX_LANGUAGE_STANDARD = "gnu++0x";
				CLANG_CXX_LIBRARY = "libc++";
				CLANG_ENABLE_OBJC_ARC = YES;
				CLANG_WARN_BOOL_CONVERSION = YES;
				CLANG_WARN_CONSTANT_CONVERSION = YES;
				CLANG_WARN_DIRECT_OBJC_ISA_USAGE = YES_ERROR;
				CLANG_WARN_EMPTY_BODY = YES;
				CLANG_WARN_ENUM_CONVERSION = YES;
				CLANG_WARN_INT_CONVERSION = YES;
				CLANG_WARN_OBJC_ROOT_CLASS = YES_ERROR;
				CLANG_WARN__DUPLICATE_METHOD_MATCH = YES;
				COPY_PHASE_STRIP = YES;
				DEBUG_INFORMATION_FORMAT = "dwarf-with-dsym";
				ENABLE_NS_ASSERTIONS = NO;
				GCC_C_LANGUAGE_STANDARD = gnu99;
				GCC_ENABLE_OBJC_EXCEPTIONS = YES;
				GCC_WARN_64_TO_32_BIT_CONVERSION = YES;
				GCC_WARN_ABOUT_RETURN_TYPE = YES_ERROR;
				GCC_WARN_UNDECLARED_SELECTOR = YES;
				GCC_WARN_UNINITIALIZED_AUTOS = YES;
				GCC_WARN_UNUSED_FUNCTION = YES;
				GCC_WARN_UNUSED_VARIABLE = YES;
				MACOSX_DEPLOYMENT_TARGET = 10.8;
				SDKROOT = macosx;
			};
			name = Release;
		};
		171A03051899328C00A72B91 /* Debug */ = {
			isa = XCBuildConfiguration;
			buildSettings = {
				ALWAYS_SEARCH_USER_PATHS = YES;
				CLANG_CXX_LANGUAGE_STANDARD = "c++0x";
				HEADER_SEARCH_PATHS = (
					"$(inherited)",
					/Applications/Xcode.app/Contents/Developer/Toolchains/XcodeDefault.xctoolchain/usr/include,
					./OGLTest/thirdparty/GL/include,
					./OGLTest/thirdparty/GLFW/include,
					./OGLTest/thirdparty/opencv/include,
					./OGLTest/thirdparty/opencv2/include,
				);
				LIBRARY_SEARCH_PATHS = (
					"$(inherited)",
					/Users/emiel/Desktop/OGLTest/OGLTest/OGLTest/thirdparty/GLFW/lib,
					/Users/emiel/Desktop/OGLTest/OGLTest/OGLTest/thirdparty/opencv/lib,
				);
				"LIBRARY_SEARCH_PATHS[arch=*]" = "$(inherited)";
				PRODUCT_NAME = "$(TARGET_NAME)";
			};
			name = Debug;
		};
		171A03061899328C00A72B91 /* Release */ = {
			isa = XCBuildConfiguration;
			buildSettings = {
				ALWAYS_SEARCH_USER_PATHS = YES;
				CLANG_CXX_LANGUAGE_STANDARD = "c++0x";
				HEADER_SEARCH_PATHS = (
					"$(inherited)",
					/Applications/Xcode.app/Contents/Developer/Toolchains/XcodeDefault.xctoolchain/usr/include,
					/usr/local/include,
				);
				LIBRARY_SEARCH_PATHS = (
					"$(inherited)",
					/Users/emiel/Desktop/OGLTest/OGLTest/OGLTest/thirdparty/GLFW/lib,
					/Users/emiel/Desktop/OGLTest/OGLTest/OGLTest/thirdparty/opencv/lib,
				);
				PRODUCT_NAME = "$(TARGET_NAME)";
			};
			name = Release;
		};
/* End XCBuildConfiguration section */

/* Begin XCConfigurationList section */
		171A02F61899328C00A72B91 /* Build configuration list for PBXProject "OGLTest" */ = {
			isa = XCConfigurationList;
			buildConfigurations = (
				171A03021899328C00A72B91 /* Debug */,
				171A03031899328C00A72B91 /* Release */,
			);
			defaultConfigurationIsVisible = 0;
			defaultConfigurationName = Release;
		};
		171A03041899328C00A72B91 /* Build configuration list for PBXNativeTarget "OGLTest" */ = {
			isa = XCConfigurationList;
			buildConfigurations = (
				171A03051899328C00A72B91 /* Debug */,
				171A03061899328C00A72B91 /* Release */,
			);
			defaultConfigurationIsVisible = 0;
			defaultConfigurationName = Release;
		};
/* End XCConfigurationList section */
	};
	rootObject = 171A02F31899328C00A72B91 /* Project object */;
}
